
Microsoft Visual Studio Solution File, Format Version 12.00
# Visual Studio 15
VisualStudioVersion = 15.0.26228.9
MinimumVisualStudioVersion = 10.0.40219.1
Project("{FAE04EC0-301F-11D3-BF4B-00C04F79EFBC}") = "RfqUi", "RfqUi\RfqUi.csproj", "{2D5E4532-4A14-481D-BF89-3EB086272D85}"
EndProject
Project("{FAE04EC0-301F-11D3-BF4B-00C04F79EFBC}") = "RxAsync", "RxAsync\RxAsync.csproj", "{D4784A41-DFCF-4BC8-AA06-23A518829ABA}"
EndProject
Project("{FAE04EC0-301F-11D3-BF4B-00C04F79EFBC}") = "RxAsyncConsole", "RxAsyncConsole\RxAsyncConsole.csproj", "{5F3F1880-D5C9-4D74-8A02-9DEA6C7368F2}"
EndProject
Global
	GlobalSection(SolutionConfigurationPlatforms) = preSolution
		Debug|Any CPU = Debug|Any CPU
		Release|Any CPU = Release|Any CPU
	EndGlobalSection
	GlobalSection(ProjectConfigurationPlatforms) = postSolution
		{2D5E4532-4A14-481D-BF89-3EB086272D85}.Debug|Any CPU.ActiveCfg = Debug|Any CPU
		{2D5E4532-4A14-481D-BF89-3EB086272D85}.Debug|Any CPU.Build.0 = Debug|Any CPU
		{2D5E4532-4A14-481D-BF89-3EB086272D85}.Release|Any CPU.ActiveCfg = Release|Any CPU
		{2D5E4532-4A14-481D-BF89-3EB086272D85}.Release|Any CPU.Build.0 = Release|Any CPU
		{D4784A41-DFCF-4BC8-AA06-23A518829ABA}.Debug|Any CPU.ActiveCfg = Debug|Any CPU
		{D4784A41-DFCF-4BC8-AA06-23A518829ABA}.Debug|Any CPU.Build.0 = Debug|Any CPU
		{D4784A41-DFCF-4BC8-AA06-23A518829ABA}.Release|Any CPU.ActiveCfg = Release|Any CPU
		{D4784A41-DFCF-4BC8-AA06-23A518829ABA}.Release|Any CPU.Build.0 = Release|Any CPU
		{5F3F1880-D5C9-4D74-8A02-9DEA6C7368F2}.Debug|Any CPU.ActiveCfg = Debug|Any CPU
		{5F3F1880-D5C9-4D74-8A02-9DEA6C7368F2}.Debug|Any CPU.Build.0 = Debug|Any CPU
		{5F3F1880-D5C9-4D74-8A02-9DEA6C7368F2}.Release|Any CPU.ActiveCfg = Release|Any CPU
		{5F3F1880-D5C9-4D74-8A02-9DEA6C7368F2}.Release|Any CPU.Build.0 = Release|Any CPU
	EndGlobalSection
	GlobalSection(SolutionProperties) = preSolution
		HideSolutionNode = FALSE
	EndGlobalSection
EndGlobal
